
Microsoft Visual Studio Solution File, Format Version 12.00
# Visual Studio Version 16
VisualStudioVersion = 16.0.29613.14
MinimumVisualStudioVersion = 10.0.40219.1
Project("{FAE04EC0-301F-11D3-BF4B-00C04F79EFBC}") = "TiBarPost", "TiBarPost\TiBarPost.csproj", "{BC5CA223-5592-48F0-98A9-897460341F3D}"
EndProject
Global
	GlobalSection(SolutionConfigurationPlatforms) = preSolution
		Debug|Any CPU = Debug|Any CPU
		Release|Any CPU = Release|Any CPU
	EndGlobalSection
	GlobalSection(ProjectConfigurationPlatforms) = postSolution
		{BC5CA223-5592-48F0-98A9-897460341F3D}.Debug|Any CPU.ActiveCfg = Debug|Any CPU
		{BC5CA223-5592-48F0-98A9-897460341F3D}.Debug|Any CPU.Build.0 = Debug|Any CPU
		{BC5CA223-5592-48F0-98A9-897460341F3D}.Release|Any CPU.ActiveCfg = Release|Any CPU
		{BC5CA223-5592-48F0-98A9-897460341F3D}.Release|Any CPU.Build.0 = Release|Any CPU
	EndGlobalSection
	GlobalSection(SolutionProperties) = preSolution
		HideSolutionNode = FALSE
	EndGlobalSection
	GlobalSection(ExtensibilityGlobals) = postSolution
		SolutionGuid = {89369CC4-1EA1-42EB-B258-553407181A65}
	EndGlobalSection
EndGlobal
